
Microsoft Visual Studio Solution File, Format Version 12.00
# Visual Studio Version 17
VisualStudioVersion = 17.12.35728.132 d17.12
MinimumVisualStudioVersion = 10.0.40219.1
Project("{8BC9CEB8-8B4A-11D0-8D11-00A0C91BC942}") = "深入学习分支语句if_else", "深入学习分支语句if_else.vcxproj", "{D6C9C6AE-64B9-4EEA-BD29-76D74F753A6D}"
EndProject
Global
	GlobalSection(SolutionConfigurationPlatforms) = preSolution
		Debug|x64 = Debug|x64
		Debug|x86 = Debug|x86
		Release|x64 = Release|x64
		Release|x86 = Release|x86
	EndGlobalSection
	GlobalSection(ProjectConfigurationPlatforms) = postSolution
		{D6C9C6AE-64B9-4EEA-BD29-76D74F753A6D}.Debug|x64.ActiveCfg = Debug|x64
		{D6C9C6AE-64B9-4EEA-BD29-76D74F753A6D}.Debug|x64.Build.0 = Debug|x64
		{D6C9C6AE-64B9-4EEA-BD29-76D74F753A6D}.Debug|x86.ActiveCfg = Debug|Win32
		{D6C9C6AE-64B9-4EEA-BD29-76D74F753A6D}.Debug|x86.Build.0 = Debug|Win32
		{D6C9C6AE-64B9-4EEA-BD29-76D74F753A6D}.Release|x64.ActiveCfg = Release|x64
		{D6C9C6AE-64B9-4EEA-BD29-76D74F753A6D}.Release|x64.Build.0 = Release|x64
		{D6C9C6AE-64B9-4EEA-BD29-76D74F753A6D}.Release|x86.ActiveCfg = Release|Win32
		{D6C9C6AE-64B9-4EEA-BD29-76D74F753A6D}.Release|x86.Build.0 = Release|Win32
	EndGlobalSection
	GlobalSection(SolutionProperties) = preSolution
		HideSolutionNode = FALSE
	EndGlobalSection
EndGlobal
