
Microsoft Visual Studio Solution File, Format Version 12.00
# Visual Studio Version 17
VisualStudioVersion = 17.12.35728.132 d17.12
MinimumVisualStudioVersion = 10.0.40219.1
Project("{FAE04EC0-301F-11D3-BF4B-00C04F79EFBC}") = "初次体验c#", "初次体验c#.csproj", "{7350B071-D607-4F94-92ED-85226125E701}"
EndProject
Global
	GlobalSection(SolutionConfigurationPlatforms) = preSolution
		Debug|Any CPU = Debug|Any CPU
		Release|Any CPU = Release|Any CPU
	EndGlobalSection
	GlobalSection(ProjectConfigurationPlatforms) = postSolution
		{7350B071-D607-4F94-92ED-85226125E701}.Debug|Any CPU.ActiveCfg = Debug|Any CPU
		{7350B071-D607-4F94-92ED-85226125E701}.Debug|Any CPU.Build.0 = Debug|Any CPU
		{7350B071-D607-4F94-92ED-85226125E701}.Release|Any CPU.ActiveCfg = Release|Any CPU
		{7350B071-D607-4F94-92ED-85226125E701}.Release|Any CPU.Build.0 = Release|Any CPU
	EndGlobalSection
	GlobalSection(SolutionProperties) = preSolution
		HideSolutionNode = FALSE
	EndGlobalSection
EndGlobal
